
Microsoft Visual Studio Solution File, Format Version 12.00
# Visual Studio 15
VisualStudioVersion = 15.0.28307.329
MinimumVisualStudioVersion = 10.0.40219.1
Project("{FAE04EC0-301F-11D3-BF4B-00C04F79EFBC}") = "Task4", "Task4\Task4.csproj", "{CEA1F16E-AE0E-460B-81F1-670364B7E65D}"
EndProject
Global
	GlobalSection(SolutionConfigurationPlatforms) = preSolution
		Debug|Any CPU = Debug|Any CPU
		Release|Any CPU = Release|Any CPU
	EndGlobalSection
	GlobalSection(ProjectConfigurationPlatforms) = postSolution
		{CEA1F16E-AE0E-460B-81F1-670364B7E65D}.Debug|Any CPU.ActiveCfg = Debug|Any CPU
		{CEA1F16E-AE0E-460B-81F1-670364B7E65D}.Debug|Any CPU.Build.0 = Debug|Any CPU
		{CEA1F16E-AE0E-460B-81F1-670364B7E65D}.Release|Any CPU.ActiveCfg = Release|Any CPU
		{CEA1F16E-AE0E-460B-81F1-670364B7E65D}.Release|Any CPU.Build.0 = Release|Any CPU
	EndGlobalSection
	GlobalSection(SolutionProperties) = preSolution
		HideSolutionNode = FALSE
	EndGlobalSection
	GlobalSection(ExtensibilityGlobals) = postSolution
		SolutionGuid = {1A87E10C-3093-4B75-ADD3-94D58A97F46A}
	EndGlobalSection
EndGlobal
