
Microsoft Visual Studio Solution File, Format Version 12.00
# Visual Studio 15
VisualStudioVersion = 15.0.28307.329
MinimumVisualStudioVersion = 10.0.40219.1
Project("{FAE04EC0-301F-11D3-BF4B-00C04F79EFBC}") = "Task 2", "Task 2\Task 2.csproj", "{255F9816-7C0C-405E-AA2A-BAC963D1ACB0}"
EndProject
Global
	GlobalSection(SolutionConfigurationPlatforms) = preSolution
		Debug|Any CPU = Debug|Any CPU
		Release|Any CPU = Release|Any CPU
	EndGlobalSection
	GlobalSection(ProjectConfigurationPlatforms) = postSolution
		{255F9816-7C0C-405E-AA2A-BAC963D1ACB0}.Debug|Any CPU.ActiveCfg = Debug|Any CPU
		{255F9816-7C0C-405E-AA2A-BAC963D1ACB0}.Debug|Any CPU.Build.0 = Debug|Any CPU
		{255F9816-7C0C-405E-AA2A-BAC963D1ACB0}.Release|Any CPU.ActiveCfg = Release|Any CPU
		{255F9816-7C0C-405E-AA2A-BAC963D1ACB0}.Release|Any CPU.Build.0 = Release|Any CPU
	EndGlobalSection
	GlobalSection(SolutionProperties) = preSolution
		HideSolutionNode = FALSE
	EndGlobalSection
	GlobalSection(ExtensibilityGlobals) = postSolution
		SolutionGuid = {AC1FBEBB-D713-4C4E-AA27-D3E313AF2FB1}
	EndGlobalSection
EndGlobal
