
Microsoft Visual Studio Solution File, Format Version 12.00
# Visual Studio 15
VisualStudioVersion = 15.0.28307.329
MinimumVisualStudioVersion = 10.0.40219.1
Project("{FAE04EC0-301F-11D3-BF4B-00C04F79EFBC}") = "Task 2", "Task 2\Task 2.csproj", "{35A28BCA-ED13-45D8-861E-0D3E01F4BB91}"
EndProject
Global
	GlobalSection(SolutionConfigurationPlatforms) = preSolution
		Debug|Any CPU = Debug|Any CPU
		Release|Any CPU = Release|Any CPU
	EndGlobalSection
	GlobalSection(ProjectConfigurationPlatforms) = postSolution
		{35A28BCA-ED13-45D8-861E-0D3E01F4BB91}.Debug|Any CPU.ActiveCfg = Debug|Any CPU
		{35A28BCA-ED13-45D8-861E-0D3E01F4BB91}.Debug|Any CPU.Build.0 = Debug|Any CPU
		{35A28BCA-ED13-45D8-861E-0D3E01F4BB91}.Release|Any CPU.ActiveCfg = Release|Any CPU
		{35A28BCA-ED13-45D8-861E-0D3E01F4BB91}.Release|Any CPU.Build.0 = Release|Any CPU
	EndGlobalSection
	GlobalSection(SolutionProperties) = preSolution
		HideSolutionNode = FALSE
	EndGlobalSection
	GlobalSection(ExtensibilityGlobals) = postSolution
		SolutionGuid = {9D0EDD60-74BE-4DEA-9A54-C6AB1722A24E}
	EndGlobalSection
EndGlobal
